{
  "nodes": {
    "nixpkgs": {
      "locked": {
        "lastModified": 1752995727,
        "narHash": "sha256-+xNQQqqCx47sbSbwwj/aQL5Xrv6wlgiIU/yKWVAtnc4=",
        "owner": "NixOS",
        "repo": "nixpkgs",
        "rev": "a14f718bc528ad298bd95a18a9ac9a7d7c0ef8e5",
        "type": "github"
      },
      "original": {
        "owner": "NixOS",
        "ref": "nixos-25.05",
        "repo": "nixpkgs",
        "type": "github"
      }
    },
    "root": {
      "inputs": {
        "nixpkgs": "nixpkgs"
      }
    }
  },
  "root": "root",
  "version": 7
}
